<?xml version="1.0" encoding="UTF-8"?>
<CONFIG>
  <ProjectOptions>
    <Version Value="12"/>
    <PathDelim Value="\"/>
    <General>
      <Flags>
        <MainUnitHasCreateFormStatements Value="False"/>
        <MainUnitHasTitleStatement Value="False"/>
        <MainUnitHasScaledStatement Value="False"/>
        <CompatibilityMode Value="True"/>
      </Flags>
      <SessionStorage Value="InProjectDir"/>
      <Title Value="noisy"/>
      <UseAppBundle Value="False"/>
      <ResourceType Value="res"/>
    </General>
    <VersionInfo>
      <UseVersionInfo Value="True"/>
      <AutoIncrementBuild Value="True"/>
      <RevisionNr Value="1"/>
      <BuildNr Value="15"/>
      <Attributes pvaPreRelease="True"/>
      <StringTable FileDescription="Program to add marks to (or remove them from) source code files" LegalCopyright="Copyright 2012 Paul Robinson. licensed under GPL v.2" ProductName="Noisy" ProductVersion="0.0.1"/>
    </VersionInfo>
    <BuildModes Count="1">
      <Item1 Name="Default" Default="True"/>
    </BuildModes>
    <PublishOptions>
      <Version Value="2"/>
      <UseFileFilters Value="True"/>
    </PublishOptions>
    <RunParams>
      <FormatVersion Value="2"/>
    </RunParams>
    <Units Count="8">
      <Unit0>
        <Filename Value="noisy.pas"/>
        <IsPartOfProject Value="True"/>
      </Unit0>
      <Unit1>
        <Filename Value=".gitignore"/>
        <IsPartOfProject Value="True"/>
      </Unit1>
      <Unit2>
        <Filename Value="blockread.pas"/>
        <IsPartOfProject Value="True"/>
        <UnitName Value="blockread1"/>
      </Unit2>
      <Unit3>
        <Filename Value="n_perform.pas"/>
        <IsPartOfProject Value="True"/>
        <UnitName Value="N_perform"/>
      </Unit3>
      <Unit4>
        <Filename Value="LICENSE.txt"/>
        <IsPartOfProject Value="True"/>
      </Unit4>
      <Unit5>
        <Filename Value="n_utility.pas"/>
        <IsPartOfProject Value="True"/>
        <UnitName Value="N_utility"/>
      </Unit5>
      <Unit6>
        <Filename Value="n_static.pas"/>
        <IsPartOfProject Value="True"/>
        <UnitName Value="N_Static"/>
      </Unit6>
      <Unit7>
        <Filename Value="NoisyPrefixCode.inc"/>
        <IsPartOfProject Value="True"/>
      </Unit7>
    </Units>
  </ProjectOptions>
  <CompilerOptions>
    <Version Value="11"/>
    <PathDelim Value="\"/>
    <Target>
      <Filename Value="noisy"/>
    </Target>
    <SearchPaths>
      <IncludeFiles Value="$(ProjOutDir)"/>
      <UnitOutputDirectory Value="lib\$(TargetCPU)-$(TargetOS)"/>
    </SearchPaths>
  </CompilerOptions>
  <Debugging>
    <Exceptions Count="3">
      <Item1>
        <Name Value="EAbort"/>
      </Item1>
      <Item2>
        <Name Value="ECodetoolError"/>
      </Item2>
      <Item3>
        <Name Value="EFOpenError"/>
      </Item3>
    </Exceptions>
  </Debugging>
</CONFIG>
